
Microsoft Visual Studio Solution File, Format Version 12.00
# Visual Studio Version 16
VisualStudioVersion = 16.0.31911.196
MinimumVisualStudioVersion = 10.0.40219.1
Project("{FAE04EC0-301F-11D3-BF4B-00C04F79EFBC}") = "CAMTEST.Android", "CAMTEST.Android\CAMTEST.Android.csproj", "{47C58BFA-A3AD-48B3-937A-F7AB153E1937}"
EndProject
Project("{FAE04EC0-301F-11D3-BF4B-00C04F79EFBC}") = "CAMTEST.iOS", "CAMTEST.iOS\CAMTEST.iOS.csproj", "{08DEF3B8-AE4A-41F4-A3E1-2A28FF83B100}"
EndProject
Project("{FAE04EC0-301F-11D3-BF4B-00C04F79EFBC}") = "CAMTEST", "CAMTEST\CAMTEST.csproj", "{CA5DEAE6-8AE7-4A9C-83CF-C8DB176C4770}"
EndProject
Global
	GlobalSection(SolutionConfigurationPlatforms) = preSolution
		Debug|Any CPU = Debug|Any CPU
		Debug|iPhone = Debug|iPhone
		Debug|iPhoneSimulator = Debug|iPhoneSimulator
		Release|Any CPU = Release|Any CPU
		Release|iPhone = Release|iPhone
		Release|iPhoneSimulator = Release|iPhoneSimulator
	EndGlobalSection
	GlobalSection(ProjectConfigurationPlatforms) = postSolution
		{47C58BFA-A3AD-48B3-937A-F7AB153E1937}.Debug|Any CPU.ActiveCfg = Debug|Any CPU
		{47C58BFA-A3AD-48B3-937A-F7AB153E1937}.Debug|Any CPU.Build.0 = Debug|Any CPU
		{47C58BFA-A3AD-48B3-937A-F7AB153E1937}.Debug|Any CPU.Deploy.0 = Debug|Any CPU
		{47C58BFA-A3AD-48B3-937A-F7AB153E1937}.Debug|iPhone.ActiveCfg = Debug|Any CPU
		{47C58BFA-A3AD-48B3-937A-F7AB153E1937}.Debug|iPhone.Build.0 = Debug|Any CPU
		{47C58BFA-A3AD-48B3-937A-F7AB153E1937}.Debug|iPhone.Deploy.0 = Debug|Any CPU
		{47C58BFA-A3AD-48B3-937A-F7AB153E1937}.Debug|iPhoneSimulator.ActiveCfg = Debug|Any CPU
		{47C58BFA-A3AD-48B3-937A-F7AB153E1937}.Debug|iPhoneSimulator.Build.0 = Debug|Any CPU
		{47C58BFA-A3AD-48B3-937A-F7AB153E1937}.Debug|iPhoneSimulator.Deploy.0 = Debug|Any CPU
		{47C58BFA-A3AD-48B3-937A-F7AB153E1937}.Release|Any CPU.ActiveCfg = Release|Any CPU
		{47C58BFA-A3AD-48B3-937A-F7AB153E1937}.Release|Any CPU.Build.0 = Release|Any CPU
		{47C58BFA-A3AD-48B3-937A-F7AB153E1937}.Release|Any CPU.Deploy.0 = Release|Any CPU
		{47C58BFA-A3AD-48B3-937A-F7AB153E1937}.Release|iPhone.ActiveCfg = Release|Any CPU
		{47C58BFA-A3AD-48B3-937A-F7AB153E1937}.Release|iPhone.Build.0 = Release|Any CPU
		{47C58BFA-A3AD-48B3-937A-F7AB153E1937}.Release|iPhone.Deploy.0 = Release|Any CPU
		{47C58BFA-A3AD-48B3-937A-F7AB153E1937}.Release|iPhoneSimulator.ActiveCfg = Release|Any CPU
		{47C58BFA-A3AD-48B3-937A-F7AB153E1937}.Release|iPhoneSimulator.Build.0 = Release|Any CPU
		{47C58BFA-A3AD-48B3-937A-F7AB153E1937}.Release|iPhoneSimulator.Deploy.0 = Release|Any CPU
		{08DEF3B8-AE4A-41F4-A3E1-2A28FF83B100}.Debug|Any CPU.ActiveCfg = Debug|iPhone
		{08DEF3B8-AE4A-41F4-A3E1-2A28FF83B100}.Debug|Any CPU.Build.0 = Debug|iPhone
		{08DEF3B8-AE4A-41F4-A3E1-2A28FF83B100}.Debug|Any CPU.Deploy.0 = Debug|iPhone
		{08DEF3B8-AE4A-41F4-A3E1-2A28FF83B100}.Debug|iPhone.ActiveCfg = Debug|iPhone
		{08DEF3B8-AE4A-41F4-A3E1-2A28FF83B100}.Debug|iPhone.Build.0 = Debug|iPhone
		{08DEF3B8-AE4A-41F4-A3E1-2A28FF83B100}.Debug|iPhone.Deploy.0 = Debug|iPhone
		{08DEF3B8-AE4A-41F4-A3E1-2A28FF83B100}.Debug|iPhoneSimulator.ActiveCfg = Debug|iPhoneSimulator
		{08DEF3B8-AE4A-41F4-A3E1-2A28FF83B100}.Debug|iPhoneSimulator.Build.0 = Debug|iPhoneSimulator
		{08DEF3B8-AE4A-41F4-A3E1-2A28FF83B100}.Debug|iPhoneSimulator.Deploy.0 = Debug|iPhoneSimulator
		{08DEF3B8-AE4A-41F4-A3E1-2A28FF83B100}.Release|Any CPU.ActiveCfg = Release|iPhoneSimulator
		{08DEF3B8-AE4A-41F4-A3E1-2A28FF83B100}.Release|Any CPU.Build.0 = Release|iPhoneSimulator
		{08DEF3B8-AE4A-41F4-A3E1-2A28FF83B100}.Release|Any CPU.Deploy.0 = Release|iPhoneSimulator
		{08DEF3B8-AE4A-41F4-A3E1-2A28FF83B100}.Release|iPhone.ActiveCfg = Release|iPhone
		{08DEF3B8-AE4A-41F4-A3E1-2A28FF83B100}.Release|iPhone.Build.0 = Release|iPhone
		{08DEF3B8-AE4A-41F4-A3E1-2A28FF83B100}.Release|iPhone.Deploy.0 = Release|iPhone
		{08DEF3B8-AE4A-41F4-A3E1-2A28FF83B100}.Release|iPhoneSimulator.ActiveCfg = Release|iPhoneSimulator
		{08DEF3B8-AE4A-41F4-A3E1-2A28FF83B100}.Release|iPhoneSimulator.Build.0 = Release|iPhoneSimulator
		{08DEF3B8-AE4A-41F4-A3E1-2A28FF83B100}.Release|iPhoneSimulator.Deploy.0 = Release|iPhoneSimulator
		{CA5DEAE6-8AE7-4A9C-83CF-C8DB176C4770}.Debug|Any CPU.ActiveCfg = Debug|Any CPU
		{CA5DEAE6-8AE7-4A9C-83CF-C8DB176C4770}.Debug|Any CPU.Build.0 = Debug|Any CPU
		{CA5DEAE6-8AE7-4A9C-83CF-C8DB176C4770}.Debug|Any CPU.Deploy.0 = Debug|Any CPU
		{CA5DEAE6-8AE7-4A9C-83CF-C8DB176C4770}.Debug|iPhone.ActiveCfg = Debug|Any CPU
		{CA5DEAE6-8AE7-4A9C-83CF-C8DB176C4770}.Debug|iPhone.Build.0 = Debug|Any CPU
		{CA5DEAE6-8AE7-4A9C-83CF-C8DB176C4770}.Debug|iPhone.Deploy.0 = Debug|Any CPU
		{CA5DEAE6-8AE7-4A9C-83CF-C8DB176C4770}.Debug|iPhoneSimulator.ActiveCfg = Debug|Any CPU
		{CA5DEAE6-8AE7-4A9C-83CF-C8DB176C4770}.Debug|iPhoneSimulator.Build.0 = Debug|Any CPU
		{CA5DEAE6-8AE7-4A9C-83CF-C8DB176C4770}.Debug|iPhoneSimulator.Deploy.0 = Debug|Any CPU
		{CA5DEAE6-8AE7-4A9C-83CF-C8DB176C4770}.Release|Any CPU.ActiveCfg = Release|Any CPU
		{CA5DEAE6-8AE7-4A9C-83CF-C8DB176C4770}.Release|Any CPU.Build.0 = Release|Any CPU
		{CA5DEAE6-8AE7-4A9C-83CF-C8DB176C4770}.Release|Any CPU.Deploy.0 = Release|Any CPU
		{CA5DEAE6-8AE7-4A9C-83CF-C8DB176C4770}.Release|iPhone.ActiveCfg = Release|Any CPU
		{CA5DEAE6-8AE7-4A9C-83CF-C8DB176C4770}.Release|iPhone.Build.0 = Release|Any CPU
		{CA5DEAE6-8AE7-4A9C-83CF-C8DB176C4770}.Release|iPhone.Deploy.0 = Release|Any CPU
		{CA5DEAE6-8AE7-4A9C-83CF-C8DB176C4770}.Release|iPhoneSimulator.ActiveCfg = Release|Any CPU
		{CA5DEAE6-8AE7-4A9C-83CF-C8DB176C4770}.Release|iPhoneSimulator.Build.0 = Release|Any CPU
		{CA5DEAE6-8AE7-4A9C-83CF-C8DB176C4770}.Release|iPhoneSimulator.Deploy.0 = Release|Any CPU
	EndGlobalSection
	GlobalSection(SolutionProperties) = preSolution
		HideSolutionNode = FALSE
	EndGlobalSection
	GlobalSection(ExtensibilityGlobals) = postSolution
		SolutionGuid = {ABB20C5B-1BEE-4302-87E3-3615C7D6D769}
	EndGlobalSection
EndGlobal
